
Microsoft Visual Studio Solution File, Format Version 12.00
# Visual Studio 15
VisualStudioVersion = 15.0.28307.271
MinimumVisualStudioVersion = 10.0.40219.1
Project("{FAE04EC0-301F-11D3-BF4B-00C04F79EFBC}") = "WebApplication2", "WebApplication2\WebApplication2.csproj", "{29A27864-2C8F-42B6-B826-EE2ADE0ADFCC}"
EndProject
Global
	GlobalSection(SolutionConfigurationPlatforms) = preSolution
		Debug|Any CPU = Debug|Any CPU
		Release|Any CPU = Release|Any CPU
	EndGlobalSection
	GlobalSection(ProjectConfigurationPlatforms) = postSolution
		{29A27864-2C8F-42B6-B826-EE2ADE0ADFCC}.Debug|Any CPU.ActiveCfg = Debug|Any CPU
		{29A27864-2C8F-42B6-B826-EE2ADE0ADFCC}.Debug|Any CPU.Build.0 = Debug|Any CPU
		{29A27864-2C8F-42B6-B826-EE2ADE0ADFCC}.Release|Any CPU.ActiveCfg = Release|Any CPU
		{29A27864-2C8F-42B6-B826-EE2ADE0ADFCC}.Release|Any CPU.Build.0 = Release|Any CPU
	EndGlobalSection
	GlobalSection(SolutionProperties) = preSolution
		HideSolutionNode = FALSE
	EndGlobalSection
	GlobalSection(ExtensibilityGlobals) = postSolution
		SolutionGuid = {1E68FF8C-F65A-4F96-B029-AA42E80955FB}
	EndGlobalSection
EndGlobal
